
Microsoft Visual Studio Solution File, Format Version 12.00
# Visual Studio Version 17
VisualStudioVersion = 17.1.32421.90
MinimumVisualStudioVersion = 10.0.40219.1
Project("{FAE04EC0-301F-11D3-BF4B-00C04F79EFBC}") = "ProductReviewManagement", "ProductReviewManagement.csproj", "{94B39129-D21A-4F95-ABF9-B49CB7E04427}"
EndProject
Global
	GlobalSection(SolutionConfigurationPlatforms) = preSolution
		Debug|Any CPU = Debug|Any CPU
		Release|Any CPU = Release|Any CPU
	EndGlobalSection
	GlobalSection(ProjectConfigurationPlatforms) = postSolution
		{94B39129-D21A-4F95-ABF9-B49CB7E04427}.Debug|Any CPU.ActiveCfg = Debug|Any CPU
		{94B39129-D21A-4F95-ABF9-B49CB7E04427}.Debug|Any CPU.Build.0 = Debug|Any CPU
		{94B39129-D21A-4F95-ABF9-B49CB7E04427}.Release|Any CPU.ActiveCfg = Release|Any CPU
		{94B39129-D21A-4F95-ABF9-B49CB7E04427}.Release|Any CPU.Build.0 = Release|Any CPU
	EndGlobalSection
	GlobalSection(SolutionProperties) = preSolution
		HideSolutionNode = FALSE
	EndGlobalSection
	GlobalSection(ExtensibilityGlobals) = postSolution
		SolutionGuid = {D116113E-5D23-46EC-B1DF-047AFC9422C6}
	EndGlobalSection
EndGlobal
